
Microsoft Visual Studio Solution File, Format Version 12.00
# Visual Studio Version 16
VisualStudioVersion = 16.0.31729.503
MinimumVisualStudioVersion = 10.0.40219.1
Project("{FAE04EC0-301F-11D3-BF4B-00C04F79EFBC}") = "PracticaDI", "PracticaDI\PracticaDI.csproj", "{B02BA483-25D2-4741-A717-5AE432144FE5}"
EndProject
Global
	GlobalSection(SolutionConfigurationPlatforms) = preSolution
		Debug|Any CPU = Debug|Any CPU
		Release|Any CPU = Release|Any CPU
	EndGlobalSection
	GlobalSection(ProjectConfigurationPlatforms) = postSolution
		{B02BA483-25D2-4741-A717-5AE432144FE5}.Debug|Any CPU.ActiveCfg = Debug|Any CPU
		{B02BA483-25D2-4741-A717-5AE432144FE5}.Debug|Any CPU.Build.0 = Debug|Any CPU
		{B02BA483-25D2-4741-A717-5AE432144FE5}.Release|Any CPU.ActiveCfg = Release|Any CPU
		{B02BA483-25D2-4741-A717-5AE432144FE5}.Release|Any CPU.Build.0 = Release|Any CPU
	EndGlobalSection
	GlobalSection(SolutionProperties) = preSolution
		HideSolutionNode = FALSE
	EndGlobalSection
	GlobalSection(ExtensibilityGlobals) = postSolution
		SolutionGuid = {8BC4909C-4CA6-4858-9F9A-EDD90831D3CB}
	EndGlobalSection
EndGlobal
